
Microsoft Visual Studio Solution File, Format Version 12.00
# Visual Studio Version 17
VisualStudioVersion = 17.4.33205.214
MinimumVisualStudioVersion = 10.0.40219.1
Project("{888888A0-9F3D-457C-B088-3A5042F75D52}") = "darts-tests", "scripts\tests\darts-tests.pyproj", "{E03B0795-A22D-4E23-A3D3-D9A878F91038}"
EndProject
Project("{8BC9CEB8-8B4A-11D0-8D11-00A0C91BC942}") = "darts-engines", "darts-engines.vcxproj", "{49EB41D2-0742-47E0-A2B7-FEFD6A48F178}"
EndProject
Project("{8BC9CEB8-8B4A-11D0-8D11-00A0C91BC942}") = "darts-discretizer", "..\discretizer\darts-discretizer.vcxproj", "{33CEC8B8-A8A1-4331-9227-C30356D54653}"
EndProject
Global
	GlobalSection(SolutionConfigurationPlatforms) = preSolution
		Debug_ODLS|x64 = Debug_ODLS|x64
		Debug_ODLS|x86 = Debug_ODLS|x86
		Debug|x64 = Debug|x64
		Debug|x86 = Debug|x86
		DebugMT|x64 = DebugMT|x64
		DebugMT|x86 = DebugMT|x86
		Release_ODLS|x64 = Release_ODLS|x64
		Release_ODLS|x86 = Release_ODLS|x86
		Release|x64 = Release|x64
		Release|x86 = Release|x86
		ReleaseMT|x64 = ReleaseMT|x64
		ReleaseMT|x86 = ReleaseMT|x86
	EndGlobalSection
	GlobalSection(ProjectConfigurationPlatforms) = postSolution
		{E03B0795-A22D-4E23-A3D3-D9A878F91038}.Debug_ODLS|x64.ActiveCfg = Debug|Any CPU
		{E03B0795-A22D-4E23-A3D3-D9A878F91038}.Debug_ODLS|x86.ActiveCfg = Debug|Any CPU
		{E03B0795-A22D-4E23-A3D3-D9A878F91038}.Debug|x64.ActiveCfg = Debug|Any CPU
		{E03B0795-A22D-4E23-A3D3-D9A878F91038}.Debug|x86.ActiveCfg = Debug|Any CPU
		{E03B0795-A22D-4E23-A3D3-D9A878F91038}.DebugMT|x64.ActiveCfg = Debug|Any CPU
		{E03B0795-A22D-4E23-A3D3-D9A878F91038}.DebugMT|x86.ActiveCfg = Debug|Any CPU
		{E03B0795-A22D-4E23-A3D3-D9A878F91038}.Release_ODLS|x64.ActiveCfg = Release|Any CPU
		{E03B0795-A22D-4E23-A3D3-D9A878F91038}.Release_ODLS|x86.ActiveCfg = Release|Any CPU
		{E03B0795-A22D-4E23-A3D3-D9A878F91038}.Release|x64.ActiveCfg = Release|Any CPU
		{E03B0795-A22D-4E23-A3D3-D9A878F91038}.Release|x86.ActiveCfg = Release|Any CPU
		{E03B0795-A22D-4E23-A3D3-D9A878F91038}.ReleaseMT|x64.ActiveCfg = Release|Any CPU
		{E03B0795-A22D-4E23-A3D3-D9A878F91038}.ReleaseMT|x86.ActiveCfg = Release|Any CPU
		{49EB41D2-0742-47E0-A2B7-FEFD6A48F178}.Debug_ODLS|x64.ActiveCfg = Debug_ODLS|x64
		{49EB41D2-0742-47E0-A2B7-FEFD6A48F178}.Debug_ODLS|x64.Build.0 = Debug_ODLS|x64
		{49EB41D2-0742-47E0-A2B7-FEFD6A48F178}.Debug_ODLS|x86.ActiveCfg = Debug_ODLS|x64
		{49EB41D2-0742-47E0-A2B7-FEFD6A48F178}.Debug_ODLS|x86.Build.0 = Debug_ODLS|x64
		{49EB41D2-0742-47E0-A2B7-FEFD6A48F178}.Debug|x64.ActiveCfg = Debug|x64
		{49EB41D2-0742-47E0-A2B7-FEFD6A48F178}.Debug|x64.Build.0 = Debug|x64
		{49EB41D2-0742-47E0-A2B7-FEFD6A48F178}.Debug|x86.ActiveCfg = Debug|x64
		{49EB41D2-0742-47E0-A2B7-FEFD6A48F178}.Debug|x86.Build.0 = Debug|x64
		{49EB41D2-0742-47E0-A2B7-FEFD6A48F178}.DebugMT|x64.ActiveCfg = DebugMT|x64
		{49EB41D2-0742-47E0-A2B7-FEFD6A48F178}.DebugMT|x64.Build.0 = DebugMT|x64
		{49EB41D2-0742-47E0-A2B7-FEFD6A48F178}.DebugMT|x86.ActiveCfg = DebugMT|x64
		{49EB41D2-0742-47E0-A2B7-FEFD6A48F178}.DebugMT|x86.Build.0 = DebugMT|x64
		{49EB41D2-0742-47E0-A2B7-FEFD6A48F178}.Release_ODLS|x64.ActiveCfg = Release_ODLS|x64
		{49EB41D2-0742-47E0-A2B7-FEFD6A48F178}.Release_ODLS|x64.Build.0 = Release_ODLS|x64
		{49EB41D2-0742-47E0-A2B7-FEFD6A48F178}.Release_ODLS|x86.ActiveCfg = Release_ODLS|x64
		{49EB41D2-0742-47E0-A2B7-FEFD6A48F178}.Release_ODLS|x86.Build.0 = Release_ODLS|x64
		{49EB41D2-0742-47E0-A2B7-FEFD6A48F178}.Release|x64.ActiveCfg = Release|x64
		{49EB41D2-0742-47E0-A2B7-FEFD6A48F178}.Release|x64.Build.0 = Release|x64
		{49EB41D2-0742-47E0-A2B7-FEFD6A48F178}.Release|x86.ActiveCfg = Release|x64
		{49EB41D2-0742-47E0-A2B7-FEFD6A48F178}.Release|x86.Build.0 = Release|x64
		{49EB41D2-0742-47E0-A2B7-FEFD6A48F178}.ReleaseMT|x64.ActiveCfg = ReleaseMT|x64
		{49EB41D2-0742-47E0-A2B7-FEFD6A48F178}.ReleaseMT|x64.Build.0 = ReleaseMT|x64
		{49EB41D2-0742-47E0-A2B7-FEFD6A48F178}.ReleaseMT|x86.ActiveCfg = ReleaseMT|x64
		{49EB41D2-0742-47E0-A2B7-FEFD6A48F178}.ReleaseMT|x86.Build.0 = ReleaseMT|x64
		{33CEC8B8-A8A1-4331-9227-C30356D54653}.Debug_ODLS|x64.ActiveCfg = Debug_ODLS|x64
		{33CEC8B8-A8A1-4331-9227-C30356D54653}.Debug_ODLS|x64.Build.0 = Debug_ODLS|x64
		{33CEC8B8-A8A1-4331-9227-C30356D54653}.Debug_ODLS|x86.ActiveCfg = Debug_ODLS|x64
		{33CEC8B8-A8A1-4331-9227-C30356D54653}.Debug_ODLS|x86.Build.0 = Debug_ODLS|x64
		{33CEC8B8-A8A1-4331-9227-C30356D54653}.Debug|x64.ActiveCfg = Debug|x64
		{33CEC8B8-A8A1-4331-9227-C30356D54653}.Debug|x64.Build.0 = Debug|x64
		{33CEC8B8-A8A1-4331-9227-C30356D54653}.Debug|x86.ActiveCfg = Debug|x64
		{33CEC8B8-A8A1-4331-9227-C30356D54653}.Debug|x86.Build.0 = Debug|x64
		{33CEC8B8-A8A1-4331-9227-C30356D54653}.DebugMT|x64.ActiveCfg = Debug_ODLS|x64
		{33CEC8B8-A8A1-4331-9227-C30356D54653}.DebugMT|x64.Build.0 = Debug_ODLS|x64
		{33CEC8B8-A8A1-4331-9227-C30356D54653}.DebugMT|x86.ActiveCfg = Debug_ODLS|x64
		{33CEC8B8-A8A1-4331-9227-C30356D54653}.DebugMT|x86.Build.0 = Debug_ODLS|x64
		{33CEC8B8-A8A1-4331-9227-C30356D54653}.Release_ODLS|x64.ActiveCfg = Release_ODLS|x64
		{33CEC8B8-A8A1-4331-9227-C30356D54653}.Release_ODLS|x64.Build.0 = Release_ODLS|x64
		{33CEC8B8-A8A1-4331-9227-C30356D54653}.Release_ODLS|x86.ActiveCfg = Release_ODLS|x64
		{33CEC8B8-A8A1-4331-9227-C30356D54653}.Release_ODLS|x86.Build.0 = Release_ODLS|x64
		{33CEC8B8-A8A1-4331-9227-C30356D54653}.Release|x64.ActiveCfg = Release|x64
		{33CEC8B8-A8A1-4331-9227-C30356D54653}.Release|x64.Build.0 = Release|x64
		{33CEC8B8-A8A1-4331-9227-C30356D54653}.Release|x86.ActiveCfg = Release|x64
		{33CEC8B8-A8A1-4331-9227-C30356D54653}.Release|x86.Build.0 = Release|x64
		{33CEC8B8-A8A1-4331-9227-C30356D54653}.ReleaseMT|x64.ActiveCfg = Release_ODLS|x64
		{33CEC8B8-A8A1-4331-9227-C30356D54653}.ReleaseMT|x64.Build.0 = Release_ODLS|x64
		{33CEC8B8-A8A1-4331-9227-C30356D54653}.ReleaseMT|x86.ActiveCfg = Release_ODLS|x64
		{33CEC8B8-A8A1-4331-9227-C30356D54653}.ReleaseMT|x86.Build.0 = Release_ODLS|x64
	EndGlobalSection
	GlobalSection(SolutionProperties) = preSolution
		HideSolutionNode = FALSE
	EndGlobalSection
	GlobalSection(ExtensibilityGlobals) = postSolution
		SolutionGuid = {7E1B7853-5E9E-4422-AEC1-EC8BCB5FF21A}
	EndGlobalSection
EndGlobal
