<?xml version="1.0" encoding="utf-8"?>
<Project ToolsVersion="4.0" xmlns="http://schemas.microsoft.com/developer/msbuild/2003">
  <ItemGroup>
    <Filter Include="Source Files">
      <UniqueIdentifier>{4FC737F1-C7A5-4376-A066-2A32D752A2FF}</UniqueIdentifier>
      <Extensions>cpp;c;cc;cxx;def;odl;idl;hpj;bat;asm;asmx</Extensions>
    </Filter>
    <Filter Include="Resource Files">
      <UniqueIdentifier>{67DA6AB6-F800-4c08-8B7A-83BB121AAD01}</UniqueIdentifier>
      <Extensions>rc;ico;cur;bmp;dlg;rc2;rct;bin;rgs;gif;jpg;jpeg;jpe;resx;tiff;tif;png;wav;mfcribbon-ms</Extensions>
    </Filter>
    <Filter Include="Source Files\pybind">
      <UniqueIdentifier>{2837bc34-4c6c-4a90-8306-79053712f0d0}</UniqueIdentifier>
    </Filter>
    <Filter Include="Source Files\interpolation">
      <UniqueIdentifier>{3ad0f455-2f62-45e2-954d-a9a99930c007}</UniqueIdentifier>
    </Filter>
    <Filter Include="mech">
      <UniqueIdentifier>{8d16424c-df57-4428-a029-f4af986ad60f}</UniqueIdentifier>
    </Filter>
  </ItemGroup>
  <ItemGroup>
    <ClCompile Include="src\conn_mesh.cpp">
      <Filter>Source Files</Filter>
    </ClCompile>
    <ClCompile Include="src\block_well.cpp">
      <Filter>Source Files</Filter>
    </ClCompile>
    <ClCompile Include="src\pybind11\py_mesh_conn.cpp">
      <Filter>Source Files\pybind</Filter>
    </ClCompile>
    <ClCompile Include="src\pybind11\py_globals.cpp">
      <Filter>Source Files\pybind</Filter>
    </ClCompile>
    <ClCompile Include="src\well_controls.cpp">
      <Filter>Source Files</Filter>
    </ClCompile>
    <ClCompile Include="src\pybind11\py_well_controls.cpp">
      <Filter>Source Files\pybind</Filter>
    </ClCompile>
    <ClCompile Include="src\ms_well.cpp">
      <Filter>Source Files</Filter>
    </ClCompile>
    <ClCompile Include="src\pybind11\py_ms_well.cpp">
      <Filter>Source Files\pybind</Filter>
    </ClCompile>
    <ClCompile Include="src\globals.cpp">
      <Filter>Source Files</Filter>
    </ClCompile>
    <ClCompile Include="src\pybind11\py_main.cpp">
      <Filter>Source Files\pybind</Filter>
    </ClCompile>
    <ClCompile Include="src\pybind11\py_evaluator_iface.cpp">
      <Filter>Source Files\pybind</Filter>
    </ClCompile>
    <ClCompile Include="src\engine_base.cpp">
      <Filter>Source Files</Filter>
    </ClCompile>
    <ClCompile Include="src\engine_nc_cg_cpu.cpp">
      <Filter>Source Files</Filter>
    </ClCompile>
    <ClCompile Include="src\pybind11\py_engine_nc_cg_cpu.cpp">
      <Filter>Source Files\pybind</Filter>
    </ClCompile>
    <ClCompile Include="src\pybind11\py_engine_base.cpp">
      <Filter>Source Files\pybind</Filter>
    </ClCompile>
    <ClCompile Include="src\pybind11\py_engine_nce_g_cpu.cpp">
      <Filter>Source Files\pybind</Filter>
    </ClCompile>
    <ClCompile Include="src\engine_nce_g_cpu.cpp">
      <Filter>Source Files</Filter>
    </ClCompile>
    <ClCompile Include="src\engines_build_info.cpp">
      <Filter>Source Files</Filter>
    </ClCompile>
    <ClCompile Include="src\pybind11\py_engine_elasticity_cpu.cpp">
      <Filter>Source Files\pybind</Filter>
    </ClCompile>
    <ClCompile Include="src\pybind11\py_engine_pm_cpu.cpp">
      <Filter>Source Files\pybind</Filter>
    </ClCompile>
    <ClCompile Include="src\pybind11\py_pm_discretizer.cpp">
      <Filter>Source Files\pybind</Filter>
    </ClCompile>
    <ClCompile Include="src\pybind11\py_mech_operators.cpp">
      <Filter>Source Files\pybind</Filter>
    </ClCompile>
    <ClCompile Include="src\pybind11\py_engine_super_cpu.cpp">
      <Filter>Source Files\pybind</Filter>
    </ClCompile>
    <ClCompile Include="src\pybind11\py_operator_set_interpolator_super.cpp">
      <Filter>Source Files\pybind</Filter>
    </ClCompile>
    <ClCompile Include="src\pybind11\py_contact.cpp">
      <Filter>Source Files\pybind</Filter>
    </ClCompile>
    <ClCompile Include="src\engine_nc_nl_cpu.cpp">
      <Filter>Source Files</Filter>
    </ClCompile>
    <ClCompile Include="src\pybind11\py_engine_nc_nl_cpu.cpp">
      <Filter>Source Files\pybind</Filter>
    </ClCompile>
    <ClCompile Include="src\pybind11\py_engine_nc_nonnewton_cpu.cpp">
      <Filter>Source Files\pybind</Filter>
    </ClCompile>
    <ClCompile Include="src\engine_nc_nonnewton_cpu.cpp">
      <Filter>Source Files</Filter>
    </ClCompile>
    <ClCompile Include="src\interpolation\interpolator_base.cpp">
      <Filter>Source Files</Filter>
    </ClCompile>
    <ClCompile Include="src\pybind11\py_engine_super_elastic_cpu.cpp">
      <Filter>Source Files\pybind</Filter>
    </ClCompile>
    <ClCompile Include="src\pybind11\py_engine_super_mp_cpu.cpp">
      <Filter>Source Files\pybind</Filter>
    </ClCompile>
    <ClCompile Include="src\pybind11\py_operator_set_interpolator_rates.cpp">
      <Filter>Source Files\pybind</Filter>
    </ClCompile>
    <ClCompile Include="src\pybind11\py_operator_set_interpolator_pz_cap_gra.cpp">
      <Filter>Source Files\pybind</Filter>
    </ClCompile>
    <ClCompile Include="src\mech\engine_elasticity_cpu.cpp">
      <Filter>mech</Filter>
    </ClCompile>
    <ClCompile Include="src\mech\engine_pm_cpu.cpp">
      <Filter>mech</Filter>
    </ClCompile>
    <ClCompile Include="src\mech\mech_operators.cpp">
      <Filter>mech</Filter>
    </ClCompile>
    <ClCompile Include="src\mech\pm_discretizer.cpp">
      <Filter>mech</Filter>
    </ClCompile>
    <ClCompile Include="src\mech\contact.cpp">
      <Filter>mech</Filter>
    </ClCompile>
  </ItemGroup>
  <ItemGroup>
    <ClInclude Include="src\conn_mesh.h">
      <Filter>Source Files</Filter>
    </ClInclude>
    <ClInclude Include="src\globals.h">
      <Filter>Source Files</Filter>
    </ClInclude>
    <ClInclude Include="src\block_well.h">
      <Filter>Source Files</Filter>
    </ClInclude>
    <ClInclude Include="src\well_controls.h">
      <Filter>Source Files</Filter>
    </ClInclude>
    <ClInclude Include="src\ms_well.h">
      <Filter>Source Files</Filter>
    </ClInclude>
    <ClInclude Include="src\engine_base.h">
      <Filter>Source Files</Filter>
    </ClInclude>
    <ClInclude Include="src\pybind11\py_evaluator_iface.h">
      <Filter>Source Files\pybind</Filter>
    </ClInclude>
    <ClInclude Include="src\pybind11\py_globals.h">
      <Filter>Source Files\pybind</Filter>
    </ClInclude>
    <ClInclude Include="src\interpolation\evaluator_iface.h">
      <Filter>Source Files</Filter>
    </ClInclude>
    <ClInclude Include="src\engine_nc_cg_cpu.hpp">
      <Filter>Source Files</Filter>
    </ClInclude>
    <ClInclude Include="src\engine_nce_g_cpu.hpp">
      <Filter>Source Files</Filter>
    </ClInclude>
    <ClInclude Include="src\engine_super_cpu.hpp">
      <Filter>Source Files</Filter>
    </ClInclude>
    <ClInclude Include="src\engine_nc_nl_cpu.hpp">
      <Filter>Source Files</Filter>
    </ClInclude>
    <ClInclude Include="src\engine_nc_nonnewton_cpu.hpp">
      <Filter>Source Files</Filter>
    </ClInclude>
    <ClInclude Include="src\engine_super_mp_cpu.hpp">
      <Filter>Source Files</Filter>
    </ClInclude>
    <ClInclude Include="src\mech\contact.h">
      <Filter>mech</Filter>
    </ClInclude>
    <ClInclude Include="src\mech\engine_elasticity_cpu.hpp">
      <Filter>mech</Filter>
    </ClInclude>
    <ClInclude Include="src\mech\engine_pm_cpu.hpp">
      <Filter>mech</Filter>
    </ClInclude>
    <ClInclude Include="src\mech\engine_super_elastic_cpu.hpp">
      <Filter>mech</Filter>
    </ClInclude>
    <ClInclude Include="src\mech\matrix.h">
      <Filter>mech</Filter>
    </ClInclude>
    <ClInclude Include="src\mech\mech_operators.hpp">
      <Filter>mech</Filter>
    </ClInclude>
    <ClInclude Include="src\mech\pm_discretizer.hpp">
      <Filter>mech</Filter>
    </ClInclude>
  </ItemGroup>
  <ItemGroup>
    <None Include="src\gpu_simulator.cu">
      <Filter>Source Files\interpolation</Filter>
    </None>
    <None Include="src\gpu_simulator_nc3.cu">
      <Filter>Source Files\interpolation</Filter>
    </None>
    <None Include="src\gpu_benchmark.cu">
      <Filter>Source Files\interpolation</Filter>
    </None>
    <None Include="src\engine_super_cpu.tpp">
      <Filter>Source Files</Filter>
    </None>
    <None Include="src\engine_super_mp_cpu.tpp">
      <Filter>Source Files</Filter>
    </None>
    <None Include="src\mech\engine_super_elastic_cpu.tpp">
      <Filter>mech</Filter>
    </None>
  </ItemGroup>
</Project>