<?xml version="1.0" encoding="utf-8"?>
<Project ToolsVersion="4.0" xmlns="http://schemas.microsoft.com/developer/msbuild/2003">
  <ItemGroup>
    <Filter Include="Source Files">
      <UniqueIdentifier>{4FC737F1-C7A5-4376-A066-2A32D752A2FF}</UniqueIdentifier>
      <Extensions>cpp;c;cc;cxx;c++;cppm;ixx;def;odl;idl;hpj;bat;asm;asmx</Extensions>
    </Filter>
    <Filter Include="Source Files\pybind">
      <UniqueIdentifier>{61fe5cbf-b1e2-49a3-a39e-82fab43b0f3e}</UniqueIdentifier>
    </Filter>
    <Filter Include="Source Files\mesh">
      <UniqueIdentifier>{754c396f-3354-470a-97ec-5b282307d4ad}</UniqueIdentifier>
    </Filter>
    <Filter Include="Source Files\mesh\mshio">
      <UniqueIdentifier>{5f80fd6b-80ac-4d41-9200-05706f10d99c}</UniqueIdentifier>
    </Filter>
  </ItemGroup>
  <ItemGroup>
    <ClCompile Include="src\pybind11\py_discretizer.cpp">
      <Filter>Source Files\pybind</Filter>
    </ClCompile>
    <ClCompile Include="src\pybind11\py_elem.cpp">
      <Filter>Source Files\pybind</Filter>
    </ClCompile>
    <ClCompile Include="src\pybind11\py_linalg.cpp">
      <Filter>Source Files\pybind</Filter>
    </ClCompile>
    <ClCompile Include="src\pybind11\py_main.cpp">
      <Filter>Source Files\pybind</Filter>
    </ClCompile>
    <ClCompile Include="src\pybind11\py_mesh.cpp">
      <Filter>Source Files\pybind</Filter>
    </ClCompile>
    <ClCompile Include="src\mesh\elem.cpp">
      <Filter>Source Files\mesh</Filter>
    </ClCompile>
    <ClCompile Include="src\mesh\mesh.cpp">
      <Filter>Source Files\mesh</Filter>
    </ClCompile>
    <ClCompile Include="src\discretizer.cpp">
      <Filter>Source Files</Filter>
    </ClCompile>
    <ClCompile Include="src\utils.cpp">
      <Filter>Source Files</Filter>
    </ClCompile>
    <ClCompile Include="src\discretizer_build_info.cpp">
      <Filter>Source Files</Filter>
    </ClCompile>
    <ClCompile Include="..\thirdparty\MshIO\src\element_utils.cpp">
      <Filter>Source Files\mesh\mshio</Filter>
    </ClCompile>
    <ClCompile Include="..\thirdparty\MshIO\src\io_utils.cpp">
      <Filter>Source Files\mesh\mshio</Filter>
    </ClCompile>
    <ClCompile Include="..\thirdparty\MshIO\src\load_msh.cpp">
      <Filter>Source Files\mesh\mshio</Filter>
    </ClCompile>
    <ClCompile Include="..\thirdparty\MshIO\src\load_msh_curves.cpp">
      <Filter>Source Files\mesh\mshio</Filter>
    </ClCompile>
    <ClCompile Include="..\thirdparty\MshIO\src\load_msh_data.cpp">
      <Filter>Source Files\mesh\mshio</Filter>
    </ClCompile>
    <ClCompile Include="..\thirdparty\MshIO\src\load_msh_elements.cpp">
      <Filter>Source Files\mesh\mshio</Filter>
    </ClCompile>
    <ClCompile Include="..\thirdparty\MshIO\src\load_msh_entities.cpp">
      <Filter>Source Files\mesh\mshio</Filter>
    </ClCompile>
    <ClCompile Include="..\thirdparty\MshIO\src\load_msh_format.cpp">
      <Filter>Source Files\mesh\mshio</Filter>
    </ClCompile>
    <ClCompile Include="..\thirdparty\MshIO\src\load_msh_nodes.cpp">
      <Filter>Source Files\mesh\mshio</Filter>
    </ClCompile>
    <ClCompile Include="..\thirdparty\MshIO\src\load_msh_patches.cpp">
      <Filter>Source Files\mesh\mshio</Filter>
    </ClCompile>
    <ClCompile Include="..\thirdparty\MshIO\src\load_msh_physical_groups.cpp">
      <Filter>Source Files\mesh\mshio</Filter>
    </ClCompile>
    <ClCompile Include="..\thirdparty\MshIO\src\load_msh_post_process.cpp">
      <Filter>Source Files\mesh\mshio</Filter>
    </ClCompile>
    <ClCompile Include="..\thirdparty\MshIO\src\save_msh.cpp">
      <Filter>Source Files\mesh\mshio</Filter>
    </ClCompile>
    <ClCompile Include="..\thirdparty\MshIO\src\save_msh_curves.cpp">
      <Filter>Source Files\mesh\mshio</Filter>
    </ClCompile>
    <ClCompile Include="..\thirdparty\MshIO\src\save_msh_data.cpp">
      <Filter>Source Files\mesh\mshio</Filter>
    </ClCompile>
    <ClCompile Include="..\thirdparty\MshIO\src\save_msh_elements.cpp">
      <Filter>Source Files\mesh\mshio</Filter>
    </ClCompile>
    <ClCompile Include="..\thirdparty\MshIO\src\save_msh_entities.cpp">
      <Filter>Source Files\mesh\mshio</Filter>
    </ClCompile>
    <ClCompile Include="..\thirdparty\MshIO\src\save_msh_format.cpp">
      <Filter>Source Files\mesh\mshio</Filter>
    </ClCompile>
    <ClCompile Include="..\thirdparty\MshIO\src\save_msh_nodes.cpp">
      <Filter>Source Files\mesh\mshio</Filter>
    </ClCompile>
    <ClCompile Include="..\thirdparty\MshIO\src\save_msh_patches.cpp">
      <Filter>Source Files\mesh\mshio</Filter>
    </ClCompile>
    <ClCompile Include="..\thirdparty\MshIO\src\save_msh_physical_groups.cpp">
      <Filter>Source Files\mesh\mshio</Filter>
    </ClCompile>
    <ClCompile Include="..\thirdparty\MshIO\src\validate_spec.cpp">
      <Filter>Source Files\mesh\mshio</Filter>
    </ClCompile>
  </ItemGroup>
  <ItemGroup>
    <ClInclude Include="src\pybind11\py_discretizer.h">
      <Filter>Source Files\pybind</Filter>
    </ClInclude>
    <ClInclude Include="src\pybind11\py_elem.h">
      <Filter>Source Files\pybind</Filter>
    </ClInclude>
    <ClInclude Include="src\pybind11\py_global.h">
      <Filter>Source Files\pybind</Filter>
    </ClInclude>
    <ClInclude Include="src\pybind11\py_linalg.h">
      <Filter>Source Files\pybind</Filter>
    </ClInclude>
    <ClInclude Include="src\pybind11\py_mesh.h">
      <Filter>Source Files\pybind</Filter>
    </ClInclude>
    <ClInclude Include="src\mesh\elem.h">
      <Filter>Source Files\mesh</Filter>
    </ClInclude>
    <ClInclude Include="src\mesh\mesh.h">
      <Filter>Source Files\mesh</Filter>
    </ClInclude>
    <ClInclude Include="src\mesh\vtksnapshotter.h">
      <Filter>Source Files\mesh</Filter>
    </ClInclude>
    <ClInclude Include="src\discretizer.h">
      <Filter>Source Files</Filter>
    </ClInclude>
    <ClInclude Include="src\utils.h">
      <Filter>Source Files</Filter>
    </ClInclude>
    <ClInclude Include="src\linalg\matrix.h">
      <Filter>Source Files</Filter>
    </ClInclude>
    <ClInclude Include="src\linalg\vector3.h">
      <Filter>Source Files</Filter>
    </ClInclude>
    <ClInclude Include="src\discretizer_build_info.h">
      <Filter>Source Files</Filter>
    </ClInclude>
    <ClInclude Include="..\thirdparty\MshIO\src\element_utils.h">
      <Filter>Source Files\mesh\mshio</Filter>
    </ClInclude>
    <ClInclude Include="..\thirdparty\MshIO\src\io_utils.h">
      <Filter>Source Files\mesh\mshio</Filter>
    </ClInclude>
    <ClInclude Include="..\thirdparty\MshIO\src\load_msh_curves.h">
      <Filter>Source Files\mesh\mshio</Filter>
    </ClInclude>
    <ClInclude Include="..\thirdparty\MshIO\src\load_msh_data.h">
      <Filter>Source Files\mesh\mshio</Filter>
    </ClInclude>
    <ClInclude Include="..\thirdparty\MshIO\src\load_msh_elements.h">
      <Filter>Source Files\mesh\mshio</Filter>
    </ClInclude>
    <ClInclude Include="..\thirdparty\MshIO\src\load_msh_entities.h">
      <Filter>Source Files\mesh\mshio</Filter>
    </ClInclude>
    <ClInclude Include="..\thirdparty\MshIO\src\load_msh_format.h">
      <Filter>Source Files\mesh\mshio</Filter>
    </ClInclude>
    <ClInclude Include="..\thirdparty\MshIO\src\load_msh_nanospline_format.h">
      <Filter>Source Files\mesh\mshio</Filter>
    </ClInclude>
    <ClInclude Include="..\thirdparty\MshIO\src\load_msh_nodes.h">
      <Filter>Source Files\mesh\mshio</Filter>
    </ClInclude>
    <ClInclude Include="..\thirdparty\MshIO\src\load_msh_patches.h">
      <Filter>Source Files\mesh\mshio</Filter>
    </ClInclude>
    <ClInclude Include="..\thirdparty\MshIO\src\load_msh_physical_groups.h">
      <Filter>Source Files\mesh\mshio</Filter>
    </ClInclude>
    <ClInclude Include="..\thirdparty\MshIO\src\load_msh_post_process.h">
      <Filter>Source Files\mesh\mshio</Filter>
    </ClInclude>
    <ClInclude Include="..\thirdparty\MshIO\src\save_msh_curves.h">
      <Filter>Source Files\mesh\mshio</Filter>
    </ClInclude>
    <ClInclude Include="..\thirdparty\MshIO\src\save_msh_data.h">
      <Filter>Source Files\mesh\mshio</Filter>
    </ClInclude>
    <ClInclude Include="..\thirdparty\MshIO\src\save_msh_elements.h">
      <Filter>Source Files\mesh\mshio</Filter>
    </ClInclude>
    <ClInclude Include="..\thirdparty\MshIO\src\save_msh_entities.h">
      <Filter>Source Files\mesh\mshio</Filter>
    </ClInclude>
    <ClInclude Include="..\thirdparty\MshIO\src\save_msh_format.h">
      <Filter>Source Files\mesh\mshio</Filter>
    </ClInclude>
    <ClInclude Include="..\thirdparty\MshIO\src\save_msh_nanospline_format.h">
      <Filter>Source Files\mesh\mshio</Filter>
    </ClInclude>
    <ClInclude Include="..\thirdparty\MshIO\src\save_msh_nodes.h">
      <Filter>Source Files\mesh\mshio</Filter>
    </ClInclude>
    <ClInclude Include="..\thirdparty\MshIO\src\save_msh_patches.h">
      <Filter>Source Files\mesh\mshio</Filter>
    </ClInclude>
    <ClInclude Include="..\thirdparty\MshIO\src\save_msh_physical_groups.h">
      <Filter>Source Files\mesh\mshio</Filter>
    </ClInclude>
  </ItemGroup>
</Project>