<?xml version="1.0" encoding="utf-8"?>
<Project ToolsVersion="4.0" xmlns="http://schemas.microsoft.com/developer/msbuild/2003">
  <ItemGroup>
    <Filter Include="Source Files">
      <UniqueIdentifier>{4FC737F1-C7A5-4376-A066-2A32D752A2FF}</UniqueIdentifier>
      <Extensions>cpp;c;cc;cxx;def;odl;idl;hpj;bat;asm;asmx</Extensions>
    </Filter>
    <Filter Include="Resource Files">
      <UniqueIdentifier>{67DA6AB6-F800-4c08-8B7A-83BB121AAD01}</UniqueIdentifier>
      <Extensions>rc;ico;cur;bmp;dlg;rc2;rct;bin;rgs;gif;jpg;jpeg;jpe;resx;tiff;tif;png;wav;mfcribbon-ms</Extensions>
    </Filter>
    <Filter Include="old_tests">
      <UniqueIdentifier>{93995380-89BD-4b04-88EB-625FBE52EBFB}</UniqueIdentifier>
      <Extensions>h;hh;hpp;hxx;hm;inl;inc;xsd</Extensions>
    </Filter>
    <Filter Include="Source Files\pybind">
      <UniqueIdentifier>{2837bc34-4c6c-4a90-8306-79053712f0d0}</UniqueIdentifier>
    </Filter>
    <Filter Include="Source Files\interpolation">
      <UniqueIdentifier>{3ad0f455-2f62-45e2-954d-a9a99930c007}</UniqueIdentifier>
    </Filter>
    <Filter Include="Source Files\mech">
      <UniqueIdentifier>{6906915c-e070-4a46-aa86-5b50008ecb8f}</UniqueIdentifier>
    </Filter>
    <Filter Include="Source Files\gpu">
      <UniqueIdentifier>{892ebab2-d5c9-4cb6-a940-f6bce63b2dad}</UniqueIdentifier>
    </Filter>
  </ItemGroup>
  <ItemGroup>
    <ClCompile Include="src\conn_mesh.cpp">
      <Filter>Source Files</Filter>
    </ClCompile>
    <ClCompile Include="src\block_well.cpp">
      <Filter>Source Files</Filter>
    </ClCompile>
    <ClCompile Include="src\pybind11\py_mesh_conn.cpp">
      <Filter>Source Files\pybind</Filter>
    </ClCompile>
    <ClCompile Include="src\pybind11\py_globals.cpp">
      <Filter>Source Files\pybind</Filter>
    </ClCompile>
    <ClCompile Include="src\well_controls.cpp">
      <Filter>Source Files</Filter>
    </ClCompile>
    <ClCompile Include="src\pybind11\py_well_controls.cpp">
      <Filter>Source Files\pybind</Filter>
    </ClCompile>
    <ClCompile Include="src\ms_well.cpp">
      <Filter>Source Files</Filter>
    </ClCompile>
    <ClCompile Include="src\pybind11\py_ms_well.cpp">
      <Filter>Source Files\pybind</Filter>
    </ClCompile>
    <ClCompile Include="src\globals.cpp">
      <Filter>Source Files</Filter>
    </ClCompile>
    <ClCompile Include="src\pybind11\py_main.cpp">
      <Filter>Source Files\pybind</Filter>
    </ClCompile>
    <ClCompile Include="src\pybind11\py_evaluator_iface.cpp">
      <Filter>Source Files\pybind</Filter>
    </ClCompile>
    <ClCompile Include="src\engine_nc_cpu.cpp">
      <Filter>Source Files</Filter>
    </ClCompile>
    <ClCompile Include="src\engine_base.cpp">
      <Filter>Source Files</Filter>
    </ClCompile>
    <ClCompile Include="src\engine_nct_cpu.cpp">
      <Filter>Source Files</Filter>
    </ClCompile>
    <ClCompile Include="src\pybind11\py_engine_nct_cpu.cpp">
      <Filter>Source Files\pybind</Filter>
    </ClCompile>
    <ClCompile Include="src\pybind11\py_engine_nc_cpu.cpp">
      <Filter>Source Files\pybind</Filter>
    </ClCompile>
    <ClCompile Include="src\engine_nce_cpu.cpp">
      <Filter>Source Files</Filter>
    </ClCompile>
    <ClCompile Include="src\pybind11\py_engine_nce_cpu.cpp">
      <Filter>Source Files\pybind</Filter>
    </ClCompile>
    <ClCompile Include="src\engine_nc_g_cpu.cpp">
      <Filter>Source Files</Filter>
    </ClCompile>
    <ClCompile Include="src\pybind11\py_engine_nc_g_cpu.cpp">
      <Filter>Source Files\pybind</Filter>
    </ClCompile>
    <ClCompile Include="src\engine_nc_cg_cpu.cpp">
      <Filter>Source Files</Filter>
    </ClCompile>
    <ClCompile Include="src\pybind11\py_engine_nc_cg_cpu.cpp">
      <Filter>Source Files\pybind</Filter>
    </ClCompile>
    <ClCompile Include="src\pybind11\py_engine_base.cpp">
      <Filter>Source Files\pybind</Filter>
    </ClCompile>
    <ClCompile Include="src\engine_nc_kin_cpu.cpp">
      <Filter>Source Files</Filter>
    </ClCompile>
    <ClCompile Include="src\pybind11\py_engine_nc_kin_cpu.cpp">
      <Filter>Source Files\pybind</Filter>
    </ClCompile>
    <ClCompile Include="src\engine_nc_dif_cpu.cpp">
      <Filter>Source Files</Filter>
    </ClCompile>
    <ClCompile Include="src\pybind11\py_engine_nc_dif_cpu.cpp">
      <Filter>Source Files\pybind</Filter>
    </ClCompile>
    <ClCompile Include="src\engine_nc_kin_dif_cpu.cpp">
      <Filter>Source Files</Filter>
    </ClCompile>
    <ClCompile Include="src\pybind11\py_engine_nc_kin_dif_cpu.cpp">
      <Filter>Source Files\pybind</Filter>
    </ClCompile>
    <ClCompile Include="src\pybind11\py_engine_nce_g_cpu.cpp">
      <Filter>Source Files\pybind</Filter>
    </ClCompile>
    <ClCompile Include="src\engine_nce_g_cpu.cpp">
      <Filter>Source Files</Filter>
    </ClCompile>
    <ClCompile Include="src\engine_nc_cg_dif_cpu.cpp">
      <Filter>Source Files</Filter>
    </ClCompile>
    <ClCompile Include="src\pybind11\py_engine_nc_cg_dif_cpu.cpp">
      <Filter>Source Files\pybind</Filter>
    </ClCompile>
    <ClCompile Include="src\pybind11\py_engine_nct_kin_cpu.cpp">
      <Filter>Source Files\pybind</Filter>
    </ClCompile>
    <ClCompile Include="src\engine_nct_kin_cpu.cpp">
      <Filter>Source Files</Filter>
    </ClCompile>
    <ClCompile Include="src\engine_nc_mp_cpu.cpp">
      <Filter>Source Files</Filter>
    </ClCompile>
    <ClCompile Include="src\engines_build_info.cpp">
      <Filter>Source Files</Filter>
    </ClCompile>
    <ClCompile Include="src\engine_nc_dvelocity_cpu.cpp">
      <Filter>Source Files</Filter>
    </ClCompile>
    <ClCompile Include="src\pybind11\py_engine_nc_dvelocity_cpu.cpp">
      <Filter>Source Files\pybind</Filter>
    </ClCompile>
    <ClCompile Include="src\mech\engine_elasticity_cpu.cpp">
      <Filter>Source Files\mech</Filter>
    </ClCompile>
    <ClCompile Include="src\mech\pm_discretizer.cpp">
      <Filter>Source Files\mech</Filter>
    </ClCompile>
    <ClCompile Include="src\pybind11\py_engine_nc_sol_cpu.cpp">
      <Filter>Source Files\pybind</Filter>
    </ClCompile>
    <ClCompile Include="src\pybind11\py_engine_nc_kin_dif_np_cpu.cpp">
      <Filter>Source Files\pybind</Filter>
    </ClCompile>
    <ClCompile Include="src\engine_nc_sol_cpu.cpp">
      <Filter>Source Files</Filter>
    </ClCompile>
    <ClCompile Include="src\engine_nc_kin_dif_np_cpu.cpp">
      <Filter>Source Files</Filter>
    </ClCompile>
    <ClCompile Include="src\mech\engine_pm_cpu.cpp">
      <Filter>Source Files\mech</Filter>
    </ClCompile>
    <ClCompile Include="src\pybind11\py_engine_nc_mp_cpu.cpp">
      <Filter>Source Files\pybind</Filter>
    </ClCompile>
    <ClCompile Include="src\pybind11\py_engine_elasticity_cpu.cpp">
      <Filter>Source Files\pybind</Filter>
    </ClCompile>
    <ClCompile Include="src\pybind11\py_engine_pm_cpu.cpp">
      <Filter>Source Files\pybind</Filter>
    </ClCompile>
    <ClCompile Include="src\pybind11\py_pm_discretizer.cpp">
      <Filter>Source Files\pybind</Filter>
    </ClCompile>
    <ClCompile Include="src\pybind11\py_mech_operators.cpp">
      <Filter>Source Files\pybind</Filter>
    </ClCompile>
    <ClCompile Include="src\mech\mech_operators.cpp">
      <Filter>Source Files\mech</Filter>
    </ClCompile>
    <ClCompile Include="src\engine_nce_dvelocity_cpu.cpp">
      <Filter>Source Files</Filter>
    </ClCompile>
    <ClCompile Include="src\pybind11\py_engine_nce_dvelocity_cpu.cpp">
      <Filter>Source Files\pybind</Filter>
    </ClCompile>
    <ClCompile Include="src\pybind11\py_engine_super_cpu.cpp">
      <Filter>Source Files\pybind</Filter>
    </ClCompile>
    <ClCompile Include="src\mech\contact.cpp">
      <Filter>Source Files\mech</Filter>
    </ClCompile>
    <ClCompile Include="src\pybind11\py_contact.cpp">
      <Filter>Source Files\pybind</Filter>
    </ClCompile>
    <ClCompile Include="src\engine_base_gpu.cpp">
      <Filter>Source Files\gpu</Filter>
    </ClCompile>
    <ClCompile Include="src\pybind11\py_engine_nce_gpu.cpp">
      <Filter>Source Files\gpu</Filter>
    </ClCompile>
    <ClCompile Include="src\pybind11\py_engine_nc_gpu.cpp">
      <Filter>Source Files\gpu</Filter>
    </ClCompile>
    <ClCompile Include="src\pybind11\py_engine_nc_cg_gpu.cpp">
      <Filter>Source Files\gpu</Filter>
    </ClCompile>
    <ClCompile Include="src\pybind11\py_engine_nc_cg_dif_gpu.cpp">
      <Filter>Source Files\gpu</Filter>
    </ClCompile>
    <ClCompile Include="src\interpolation\interpolator_base.cpp">
      <Filter>Source Files</Filter>
    </ClCompile>
    <ClCompile Include="src\engine_nc_nl_cpu.cpp">
      <Filter>Source Files</Filter>
    </ClCompile>
    <ClCompile Include="src\engine_nc_nonnewton_cpu.cpp">
      <Filter>Source Files</Filter>
    </ClCompile>
    <ClCompile Include="src\pybind11\py_engine_nc_nl_cpu.cpp">
      <Filter>Source Files\pybind</Filter>
    </ClCompile>
    <ClCompile Include="src\pybind11\py_engine_nc_nonnewton_cpu.cpp">
      <Filter>Source Files\pybind</Filter>
    </ClCompile>
    <ClCompile Include="src\pybind11\py_engine_super_elastic_cpu.cpp">
      <Filter>Source Files\pybind</Filter>
    </ClCompile>
  </ItemGroup>
  <ItemGroup>
    <ClInclude Include="src\conn_mesh.h">
      <Filter>Source Files</Filter>
    </ClInclude>
    <ClInclude Include="src\globals.h">
      <Filter>Source Files</Filter>
    </ClInclude>
    <ClInclude Include="src\block_well.h">
      <Filter>Source Files</Filter>
    </ClInclude>
    <ClInclude Include="src\well_controls.h">
      <Filter>Source Files</Filter>
    </ClInclude>
    <ClInclude Include="src\ms_well.h">
      <Filter>Source Files</Filter>
    </ClInclude>
    <ClInclude Include="src\old_tests\1d_10_comp1t.hpp">
      <Filter>old_tests</Filter>
    </ClInclude>
    <ClInclude Include="src\old_tests\1d_10_comp1t_mswell.hpp">
      <Filter>old_tests</Filter>
    </ClInclude>
    <ClInclude Include="src\old_tests\1d_10_comp2t.hpp">
      <Filter>old_tests</Filter>
    </ClInclude>
    <ClInclude Include="src\old_tests\1d_10_comp3.hpp">
      <Filter>old_tests</Filter>
    </ClInclude>
    <ClInclude Include="src\old_tests\1d_10_comp3_mswell.hpp">
      <Filter>old_tests</Filter>
    </ClInclude>
    <ClInclude Include="src\old_tests\1d_1000_comp3.hpp">
      <Filter>old_tests</Filter>
    </ClInclude>
    <ClInclude Include="src\old_tests\3d_100000_comp2.hpp">
      <Filter>old_tests</Filter>
    </ClInclude>
    <ClInclude Include="src\old_tests\3d_100000_comp3.hpp">
      <Filter>old_tests</Filter>
    </ClInclude>
    <ClInclude Include="src\old_tests\3d_100000_comp3_mswell.hpp">
      <Filter>old_tests</Filter>
    </ClInclude>
    <ClInclude Include="src\old_tests\3d_100000_comp4.hpp">
      <Filter>old_tests</Filter>
    </ClInclude>
    <ClInclude Include="src\old_tests\spe10_10L_comp3.hpp">
      <Filter>old_tests</Filter>
    </ClInclude>
    <ClInclude Include="src\old_tests\spe10_comp3.hpp">
      <Filter>old_tests</Filter>
    </ClInclude>
    <ClInclude Include="src\old_tests\spe10_dead_mswell.hpp">
      <Filter>old_tests</Filter>
    </ClInclude>
    <ClInclude Include="src\old_tests\willems_geothermal_1layer_comp2t_boil_mswell.hpp">
      <Filter>old_tests</Filter>
    </ClInclude>
    <ClInclude Include="src\old_tests\willems_geothermal_comp1t.hpp">
      <Filter>old_tests</Filter>
    </ClInclude>
    <ClInclude Include="src\old_tests\willems_geothermal_comp1t_mswell.hpp">
      <Filter>old_tests</Filter>
    </ClInclude>
    <ClInclude Include="src\old_tests\willems_geothermal_comp2t_boil_mswell.hpp">
      <Filter>old_tests</Filter>
    </ClInclude>
    <ClInclude Include="src\old_tests\willems_geothermal_comp2t_mswell.hpp">
      <Filter>old_tests</Filter>
    </ClInclude>
    <ClInclude Include="src\engine_base.h">
      <Filter>Source Files</Filter>
    </ClInclude>
    <ClInclude Include="src\engine_nc_cpu.hpp">
      <Filter>Source Files</Filter>
    </ClInclude>
    <ClInclude Include="src\engine_nct_cpu.hpp">
      <Filter>Source Files</Filter>
    </ClInclude>
    <ClInclude Include="src\engine_nce_cpu.hpp">
      <Filter>Source Files</Filter>
    </ClInclude>
    <ClInclude Include="src\pybind11\py_evaluator_iface.h">
      <Filter>Source Files\pybind</Filter>
    </ClInclude>
    <ClInclude Include="src\pybind11\py_globals.h">
      <Filter>Source Files\pybind</Filter>
    </ClInclude>
    <ClInclude Include="src\engine_nc_g_cpu.hpp">
      <Filter>Source Files</Filter>
    </ClInclude>
    <ClInclude Include="src\interpolation\evaluator_iface.h">
      <Filter>Source Files</Filter>
    </ClInclude>
    <ClInclude Include="src\engine_nc_cg_cpu.hpp">
      <Filter>Source Files</Filter>
    </ClInclude>
    <ClInclude Include="src\engine_nc_kin_cpu.hpp">
      <Filter>Source Files</Filter>
    </ClInclude>
    <ClInclude Include="src\engine_nc_dif_cpu.hpp">
      <Filter>Source Files</Filter>
    </ClInclude>
    <ClInclude Include="src\engine_nc_kin_dif_cpu.hpp">
      <Filter>Source Files</Filter>
    </ClInclude>
    <ClInclude Include="src\engine_nce_g_cpu.hpp">
      <Filter>Source Files</Filter>
    </ClInclude>
    <ClInclude Include="src\pybind11\py_interpolator_exposer.hpp">
      <Filter>old_tests</Filter>
    </ClInclude>
    <ClInclude Include="src\engine_nc_cg_dif_cpu.hpp">
      <Filter>Source Files</Filter>
    </ClInclude>
    <ClInclude Include="src\engine_elasticity_cpu.hpp">
      <Filter>old_tests</Filter>
    </ClInclude>
    <ClInclude Include="src\engine_nct_kin_cpu.hpp">
      <Filter>Source Files</Filter>
    </ClInclude>
    <ClInclude Include="src\engine_nc_mp_cpu.hpp">
      <Filter>Source Files</Filter>
    </ClInclude>
    <ClInclude Include="src\engine_nc_dvelocity_cpu.hpp">
      <Filter>Source Files</Filter>
    </ClInclude>
    <ClInclude Include="src\mech\engine_elasticity_cpu.hpp">
      <Filter>Source Files\mech</Filter>
    </ClInclude>
    <ClInclude Include="src\mech\matrix.hpp">
      <Filter>Source Files\mech</Filter>
    </ClInclude>
    <ClInclude Include="src\mech\pm_discretizer.hpp">
      <Filter>Source Files\mech</Filter>
    </ClInclude>
    <ClInclude Include="src\engine_nc_kin_dif_np_cpu.hpp">
      <Filter>Source Files</Filter>
    </ClInclude>
    <ClInclude Include="src\engine_nc_sol_cpu.hpp">
      <Filter>Source Files</Filter>
    </ClInclude>
    <ClInclude Include="src\mech\engine_pm_cpu.hpp">
      <Filter>Source Files\mech</Filter>
    </ClInclude>
    <ClInclude Include="src\mech\mech_operators.hpp">
      <Filter>Source Files\mech</Filter>
    </ClInclude>
    <ClInclude Include="src\jacobian_assembly.cu.h">
      <Filter>old_tests</Filter>
    </ClInclude>
    <ClInclude Include="src\jacobian_assembly_nc3.cu.h">
      <Filter>old_tests</Filter>
    </ClInclude>
    <ClInclude Include="src\engine_nce_dvelocity_cpu.hpp">
      <Filter>Source Files</Filter>
    </ClInclude>
    <ClInclude Include="src\engine_super_cpu.hpp">
      <Filter>Source Files</Filter>
    </ClInclude>
    <ClInclude Include="src\mech\contact.h">
      <Filter>Source Files\mech</Filter>
    </ClInclude>
  </ItemGroup>
  <ItemGroup>
    <None Include="src\gpu_simulator.cu">
      <Filter>Source Files\interpolation</Filter>
    </None>
    <None Include="src\gpu_simulator_nc3.cu">
      <Filter>Source Files\interpolation</Filter>
    </None>
    <None Include="src\gpu_benchmark.cu">
      <Filter>Source Files\interpolation</Filter>
    </None>
    <None Include="src\engine_super_cpu.tpp">
      <Filter>Source Files</Filter>
    </None>
  </ItemGroup>
  <ItemGroup>
    <CudaCompile Include="src\engine_nc_cg_dif_gpu.cu">
      <Filter>Source Files\gpu</Filter>
    </CudaCompile>
    <CudaCompile Include="src\engine_nc_cg_gpu.cu">
      <Filter>Source Files\gpu</Filter>
    </CudaCompile>
    <CudaCompile Include="src\engine_nc_gpu.cu">
      <Filter>Source Files\gpu</Filter>
    </CudaCompile>
    <CudaCompile Include="src\engine_nce_g_gpu.cu">
      <Filter>Source Files\gpu</Filter>
    </CudaCompile>
    <CudaCompile Include="src\engine_nce_gpu.cu">
      <Filter>Source Files\gpu</Filter>
    </CudaCompile>
    <CudaCompile Include="src\pybind11\py_operator_set_interpolator_pz.cpp">
      <Filter>Source Files</Filter>
    </CudaCompile>
    <CudaCompile Include="src\pybind11\py_operator_set_interpolator_pze.cpp">
      <Filter>Source Files</Filter>
    </CudaCompile>
    <CudaCompile Include="src\pybind11\py_operator_set_interpolator_pze_dvelocity.cpp">
      <Filter>Source Files</Filter>
    </CudaCompile>
    <CudaCompile Include="src\pybind11\py_operator_set_interpolator_pze_gra.cpp">
      <Filter>Source Files</Filter>
    </CudaCompile>
    <CudaCompile Include="src\pybind11\py_operator_set_interpolator_pzt.cpp">
      <Filter>Source Files</Filter>
    </CudaCompile>
    <CudaCompile Include="src\pybind11\py_operator_set_interpolator_pzt_kin.cpp">
      <Filter>Source Files</Filter>
    </CudaCompile>
    <CudaCompile Include="src\pybind11\py_operator_set_interpolator_pz_cap_gra.cpp">
      <Filter>Source Files</Filter>
    </CudaCompile>
    <CudaCompile Include="src\pybind11\py_operator_set_interpolator_pz_cap_gra_dif.cpp">
      <Filter>Source Files</Filter>
    </CudaCompile>
    <CudaCompile Include="src\pybind11\py_operator_set_interpolator_pz_dif.cpp">
      <Filter>Source Files</Filter>
    </CudaCompile>
    <CudaCompile Include="src\pybind11\py_operator_set_interpolator_pz_kin.cpp">
      <Filter>Source Files</Filter>
    </CudaCompile>
    <CudaCompile Include="src\pybind11\py_operator_set_interpolator_pz_kin_dif.cpp">
      <Filter>Source Files</Filter>
    </CudaCompile>
    <CudaCompile Include="src\pybind11\py_operator_set_interpolator_pz_kin_dif_np.cpp">
      <Filter>Source Files</Filter>
    </CudaCompile>
    <CudaCompile Include="src\pybind11\py_operator_set_interpolator_pz_kin_phi.cpp">
      <Filter>Source Files</Filter>
    </CudaCompile>
    <CudaCompile Include="src\pybind11\py_operator_set_interpolator_pz_sol.cpp">
      <Filter>Source Files</Filter>
    </CudaCompile>
    <CudaCompile Include="src\pybind11\py_operator_set_interpolator_rates.cpp">
      <Filter>Source Files</Filter>
    </CudaCompile>
    <CudaCompile Include="src\pybind11\py_operator_set_interpolator_super.cpp">
      <Filter>Source Files</Filter>
    </CudaCompile>
    <CudaCompile Include="src\interpolation\evaluator_iface.cpp">
      <Filter>Source Files</Filter>
    </CudaCompile>
    <CudaCompile Include="src\pybind11\py_engine_super_gpu.cpp">
      <Filter>Source Files</Filter>
    </CudaCompile>
  </ItemGroup>
</Project>